schema: '2.0'
stages:
  data_ingestion:
    cmd: python -m src.pipeline.data_ingestion_pipeline
    deps:
    - path: src/pipeline/data_ingestion_pipeline.py
      hash: md5
      md5: 6a34b789c002fb6a70c5533b9502e78d
      size: 607
      isexec: true
    outs:
    - path: artifacts/data_ingestion/data
      hash: md5
      md5: c476c92066207d087d9f3c35ee01e7c8.dir
      size: 3706094
      nfiles: 1
  data_transformation:
    cmd: python -m src.pipeline.data_transformation_pipeline
    deps:
    - path: src/pipeline/data_transformation_pipeline.py
      hash: md5
      md5: ba7e4a7287dd324eb9d331291210868a
      size: 733
      isexec: true
    outs:
    - path: artifacts/data_transformation/data
      hash: md5
      md5: 1a1159f5ef9cf0d42b9b5dc8ab1e31e0.dir
      size: 19109036
      nfiles: 3
  model_trainer:
    cmd: python -m src.pipeline.model_trainer_pipeline
    deps:
    - path: src/pipeline/model_trainer_pipeline.py
      hash: md5
      md5: e69dc7eab0ee21c24cf2c0d4fb6b77c0
      size: 1020
      isexec: true
    outs:
    - path: artifacts/model_trainer/model
      hash: md5
      md5: 29e76961e7fd4dfbe718d655288245d1.dir
      size: 198540802
      nfiles: 2
  model_evaluation:
    cmd: python -m src.pipeline.model_evaluation_pipeline
    deps:
    - path: src/pipeline/model_evaluation_pipeline.py
      hash: md5
      md5: d7994292ca49bb72fd1268ac8c3ef527
      size: 614
      isexec: true
    outs:
    - path: artifacts/model_evaluation/metrics.json
      hash: md5
      md5: fc82214affc3ed95d5302956791b222d
      size: 144
      isexec: true
